
Microsoft Visual Studio Solution File, Format Version 12.00
# Visual Studio Version 16
VisualStudioVersion = 16.0.32228.343
MinimumVisualStudioVersion = 10.0.40219.1
Project("{9A19103F-16F7-4668-BE54-9A1E7A4F7556}") = "E_Commerce", "E_Commerce\E_Commerce.csproj", "{38F15633-3C4E-4A29-B6B3-3D4ACA17E822}"
EndProject
Project("{9A19103F-16F7-4668-BE54-9A1E7A4F7556}") = "Tests", "Tests\Tests.csproj", "{0F4CD7FC-9116-4822-BA5F-FDA8FC18B8D1}"
EndProject
Global
	GlobalSection(SolutionConfigurationPlatforms) = preSolution
		Debug|Any CPU = Debug|Any CPU
		Release|Any CPU = Release|Any CPU
	EndGlobalSection
	GlobalSection(ProjectConfigurationPlatforms) = postSolution
		{38F15633-3C4E-4A29-B6B3-3D4ACA17E822}.Debug|Any CPU.ActiveCfg = Debug|Any CPU
		{38F15633-3C4E-4A29-B6B3-3D4ACA17E822}.Debug|Any CPU.Build.0 = Debug|Any CPU
		{38F15633-3C4E-4A29-B6B3-3D4ACA17E822}.Release|Any CPU.ActiveCfg = Release|Any CPU
		{38F15633-3C4E-4A29-B6B3-3D4ACA17E822}.Release|Any CPU.Build.0 = Release|Any CPU
		{0F4CD7FC-9116-4822-BA5F-FDA8FC18B8D1}.Debug|Any CPU.ActiveCfg = Debug|Any CPU
		{0F4CD7FC-9116-4822-BA5F-FDA8FC18B8D1}.Debug|Any CPU.Build.0 = Debug|Any CPU
		{0F4CD7FC-9116-4822-BA5F-FDA8FC18B8D1}.Release|Any CPU.ActiveCfg = Release|Any CPU
		{0F4CD7FC-9116-4822-BA5F-FDA8FC18B8D1}.Release|Any CPU.Build.0 = Release|Any CPU
	EndGlobalSection
	GlobalSection(SolutionProperties) = preSolution
		HideSolutionNode = FALSE
	EndGlobalSection
	GlobalSection(ExtensibilityGlobals) = postSolution
		SolutionGuid = {66DEB6BC-B949-412B-ADF1-A48962AB42FC}
	EndGlobalSection
EndGlobal
